// !$*UTF8*$!
{
	archiveVersion = 1;
	classes = {
	};
	objectVersion = 50;
	objects = {

/* Begin PBXBuildFile section */
		D761743C241B92AC00CC3F1C /* AppDelegate.swift in Sources */ = {isa = PBXBuildFile; fileRef = D761743B241B92AC00CC3F1C /* AppDelegate.swift */; };
		D761743E241B92AC00CC3F1C /* SceneDelegate.swift in Sources */ = {isa = PBXBuildFile; fileRef = D761743D241B92AC00CC3F1C /* SceneDelegate.swift */; };
		D7617440241B92AC00CC3F1C /* ViewController.swift in Sources */ = {isa = PBXBuildFile; fileRef = D761743F241B92AC00CC3F1C /* ViewController.swift */; };
		D7617443241B92AC00CC3F1C /* Main.storyboard in Resources */ = {isa = PBXBuildFile; fileRef = D7617441241B92AC00CC3F1C /* Main.storyboard */; };
		D7617445241B92B300CC3F1C /* Assets.xcassets in Resources */ = {isa = PBXBuildFile; fileRef = D7617444241B92B300CC3F1C /* Assets.xcassets */; };
		D7617448241B92B300CC3F1C /* LaunchScreen.storyboard in Resources */ = {isa = PBXBuildFile; fileRef = D7617446241B92B300CC3F1C /* LaunchScreen.storyboard */; };
/* End PBXBuildFile section */

/* Begin PBXFileReference section */
		D7617438241B92AC00CC3F1C /* custom-transitions-ios.app */ = {isa = PBXFileReference; explicitFileType = wrapper.application; includeInIndex = 0; path = "custom-transitions-ios.app"; sourceTree = BUILT_PRODUCTS_DIR; };
		D761743B241B92AC00CC3F1C /* AppDelegate.swift */ = {isa = PBXFileReference; lastKnownFileType = sourcecode.swift; path = AppDelegate.swift; sourceTree = "<group>"; };
		D761743D241B92AC00CC3F1C /* SceneDelegate.swift */ = {isa = PBXFileReference; lastKnownFileType = sourcecode.swift; path = SceneDelegate.swift; sourceTree = "<group>"; };
		D761743F241B92AC00CC3F1C /* ViewController.swift */ = {isa = PBXFileReference; lastKnownFileType = sourcecode.swift; path = ViewController.swift; sourceTree = "<group>"; };
		D7617442241B92AC00CC3F1C /* Base */ = {isa = PBXFileReference; lastKnownFileType = file.storyboard; name = Base; path = Base.lproj/Main.storyboard; sourceTree = "<group>"; };
		D7617444241B92B300CC3F1C /* Assets.xcassets */ = {isa = PBXFileReference; lastKnownFileType = folder.assetcatalog; path = Assets.xcassets; sourceTree = "<group>"; };
		D7617447241B92B300CC3F1C /* Base */ = {isa = PBXFileReference; lastKnownFileType = file.storyboard; name = Base; path = Base.lproj/LaunchScreen.storyboard; sourceTree = "<group>"; };
		D7617449241B92B300CC3F1C /* Info.plist */ = {isa = PBXFileReference; lastKnownFileType = text.plist.xml; path = Info.plist; sourceTree = "<group>"; };
/* End PBXFileReference section */

/* Begin PBXFrameworksBuildPhase section */
		D7617435241B92AC00CC3F1C /* Frameworks */ = {
			isa = PBXFrameworksBuildPhase;
			buildActionMask = 2147483647;
			files = (
			);
			runOnlyForDeploymentPostprocessing = 0;
		};
/* End PBXFrameworksBuildPhase section */

/* Begin PBXGroup section */
		D761742F241B92AC00CC3F1C = {
			isa = PBXGroup;
			children = (
				D761743A241B92AC00CC3F1C /* custom-transitions-ios */,
				D7617439241B92AC00CC3F1C /* Products */,
			);
			sourceTree = "<group>";
		};
		D7617439241B92AC00CC3F1C /* Products */ = {
			isa = PBXGroup;
			children = (
				D7617438241B92AC00CC3F1C /* custom-transitions-ios.app */,
			);
			name = Products;
			sourceTree = "<group>";
		};
		D761743A241B92AC00CC3F1C /* custom-transitions-ios */ = {
			isa = PBXGroup;
			children = (
				D761743B241B92AC00CC3F1C /* AppDelegate.swift */,
				D761743D241B92AC00CC3F1C /* SceneDelegate.swift */,
				D761743F241B92AC00CC3F1C /* ViewController.swift */,
				D7617441241B92AC00CC3F1C /* Main.storyboard */,
				D7617444241B92B300CC3F1C /* Assets.xcassets */,
				D7617446241B92B300CC3F1C /* LaunchScreen.storyboard */,
				D7617449241B92B300CC3F1C /* Info.plist */,
			);
			path = "custom-transitions-ios";
			sourceTree = "<group>";
		};
/* End PBXGroup section */

/* Begin PBXNativeTarget section */
		D7617437241B92AC00CC3F1C /* custom-transitions-ios */ = {
			isa = PBXNativeTarget;
			buildConfigurationList = D761744C241B92B300CC3F1C /* Build configuration list for PBXNativeTarget "custom-transitions-ios" */;
			buildPhases = (
				D7617434241B92AC00CC3F1C /* Sources */,
				D7617435241B92AC00CC3F1C /* Frameworks */,
				D7617436241B92AC00CC3F1C /* Resources */,
			);
			buildRules = (
			);
			dependencies = (
			);
			name = "custom-transitions-ios";
			productName = "custom-transitions-ios";
			productReference = D7617438241B92AC00CC3F1C /* custom-transitions-ios.app */;
			productType = "com.apple.product-type.application";
		};
/* End PBXNativeTarget section */

/* Begin PBXProject section */
		D7617430241B92AC00CC3F1C /* Project object */ = {
			isa = PBXProject;
			attributes = {
				LastSwiftUpdateCheck = 1120;
				LastUpgradeCheck = 1120;
				ORGANIZATIONNAME = "Josip Rezic";
				TargetAttributes = {
					D7617437241B92AC00CC3F1C = {
						CreatedOnToolsVersion = 11.2.1;
					};
				};
			};
			buildConfigurationList = D7617433241B92AC00CC3F1C /* Build configuration list for PBXProject "custom-transitions-ios" */;
			compatibilityVersion = "Xcode 9.3";
			developmentRegion = en;
			hasScannedForEncodings = 0;
			knownRegions = (
				en,
				Base,
			);
			mainGroup = D761742F241B92AC00CC3F1C;
			productRefGroup = D7617439241B92AC00CC3F1C /* Products */;
			projectDirPath = "";
			projectRoot = "";
			targets = (
				D7617437241B92AC00CC3F1C /* custom-transitions-ios */,
			);
		};
/* End PBXProject section */

/* Begin PBXResourcesBuildPhase section */
		D7617436241B92AC00CC3F1C /* Resources */ = {
			isa = PBXResourcesBuildPhase;
			buildActionMask = 2147483647;
			files = (
				D7617448241B92B300CC3F1C /* LaunchScreen.storyboard in Resources */,
				D7617445241B92B300CC3F1C /* Assets.xcassets in Resources */,
				D7617443241B92AC00CC3F1C /* Main.storyboard in Resources */,
			);
			runOnlyForDeploymentPostprocessing = 0;
		};
/* End PBXResourcesBuildPhase section */

/* Begin PBXSourcesBuildPhase section */
		D7617434241B92AC00CC3F1C /* Sources */ = {
			isa = PBXSourcesBuildPhase;
			buildActionMask = 2147483647;
			files = (
				D7617440241B92AC00CC3F1C /* ViewController.swift in Sources */,
				D761743C241B92AC00CC3F1C /* AppDelegate.swift in Sources */,
				D761743E241B92AC00CC3F1C /* SceneDelegate.swift in Sources */,
			);
			runOnlyForDeploymentPostprocessing = 0;
		};
/* End PBXSourcesBuildPhase section */

/* Begin PBXVariantGroup section */
		D7617441241B92AC00CC3F1C /* Main.storyboard */ = {
			isa = PBXVariantGroup;
			children = (
				D7617442241B92AC00CC3F1C /* Base */,
			);
			name = Main.storyboard;
			sourceTree = "<group>";
		};
		D7617446241B92B300CC3F1C /* LaunchScreen.storyboard */ = {
			isa = PBXVariantGroup;
			children = (
				D7617447241B92B300CC3F1C /* Base */,
			);
			name = LaunchScreen.storyboard;
			sourceTree = "<group>";
		};
/* End PBXVariantGroup section */

/* Begin XCBuildConfiguration section */
		D761744A241B92B300CC3F1C /* Debug */ = {
			isa = XCBuildConfiguration;
			buildSettings = {
				ALWAYS_SEARCH_USER_PATHS = NO;
				CLANG_ANALYZER_NONNULL = YES;
				CLANG_ANALYZER_NUMBER_OBJECT_CONVERSION = YES_AGGRESSIVE;
				CLANG_CXX_LANGUAGE_STANDARD = "gnu++14";
				CLANG_CXX_LIBRARY = "libc++";
				CLANG_ENABLE_MODULES = YES;
				CLANG_ENABLE_OBJC_ARC = YES;
				CLANG_ENABLE_OBJC_WEAK = YES;
				CLANG_WARN_BLOCK_CAPTURE_AUTORELEASING = YES;
				CLANG_WARN_BOOL_CONVERSION = YES;
				CLANG_WARN_COMMA = YES;
				CLANG_WARN_CONSTANT_CONVERSION = YES;
				CLANG_WARN_DEPRECATED_OBJC_IMPLEMENTATIONS = YES;
				CLANG_WARN_DIRECT_OBJC_ISA_USAGE = YES_ERROR;
				CLANG_WARN_DOCUMENTATION_COMMENTS = YES;
				CLANG_WARN_EMPTY_BODY = YES;
				CLANG_WARN_ENUM_CONVERSION = YES;
				CLANG_WARN_INFINITE_RECURSION = YES;
				CLANG_WARN_INT_CONVERSION = YES;
				CLANG_WARN_NON_LITERAL_NULL_CONVERSION = YES;
				CLANG_WARN_OBJC_IMPLICIT_RETAIN_SELF = YES;
				CLANG_WARN_OBJC_LITERAL_CONVERSION = YES;
				CLANG_WARN_OBJC_ROOT_CLASS = YES_ERROR;
				CLANG_WARN_RANGE_LOOP_ANALYSIS = YES;
				CLANG_WARN_STRICT_PROTOTYPES = YES;
				CLANG_WARN_SUSPICIOUS_MOVE = YES;
				CLANG_WARN_UNGUARDED_AVAILABILITY = YES_AGGRESSIVE;
				CLANG_WARN_UNREACHABLE_CODE = YES;
				CLANG_WARN__DUPLICATE_METHOD_MATCH = YES;
				COPY_PHASE_STRIP = NO;
				DEBUG_INFORMATION_FORMAT = dwarf;
				ENABLE_STRICT_OBJC_MSGSEND = YES;
				ENABLE_TESTABILITY = YES;
				GCC_C_LANGUAGE_STANDARD = gnu11;
				GCC_DYNAMIC_NO_PIC = NO;
				GCC_NO_COMMON_BLOCKS = YES;
				GCC_OPTIMIZATION_LEVEL = 0;
				GCC_PREPROCESSOR_DEFINITIONS = (
					"DEBUG=1",
					"$(inherited)",
				);
				GCC_WARN_64_TO_32_BIT_CONVERSION = YES;
				GCC_WARN_ABOUT_RETURN_TYPE = YES_ERROR;
				GCC_WARN_UNDECLARED_SELECTOR = YES;
				GCC_WARN_UNINITIALIZED_AUTOS = YES_AGGRESSIVE;
				GCC_WARN_UNUSED_FUNCTION = YES;
				GCC_WARN_UNUSED_VARIABLE = YES;
				IPHONEOS_DEPLOYMENT_TARGET = 13.2;
				MTL_ENABLE_DEBUG_INFO = INCLUDE_SOURCE;
				MTL_FAST_MATH = YES;
				ONLY_ACTIVE_ARCH = YES;
				SDKROOT = iphoneos;
				SWIFT_ACTIVE_COMPILATION_CONDITIONS = DEBUG;
				SWIFT_OPTIMIZATION_LEVEL = "-Onone";
			};
			name = Debug;
		};
		D761744B241B92B300CC3F1C /* Release */ = {
			isa = XCBuildConfiguration;
			buildSettings = {
				ALWAYS_SEARCH_USER_PATHS = NO;
				CLANG_ANALYZER_NONNULL = YES;
				CLANG_ANALYZER_NUMBER_OBJECT_CONVERSION = YES_AGGRESSIVE;
				CLANG_CXX_LANGUAGE_STANDARD = "gnu++14";
				CLANG_CXX_LIBRARY = "libc++";
				CLANG_ENABLE_MODULES = YES;
				CLANG_ENABLE_OBJC_ARC = YES;
				CLANG_ENABLE_OBJC_WEAK = YES;
				CLANG_WARN_BLOCK_CAPTURE_AUTORELEASING = YES;
				CLANG_WARN_BOOL_CONVERSION = YES;
				CLANG_WARN_COMMA = YES;
				CLANG_WARN_CONSTANT_CONVERSION = YES;
				CLANG_WARN_DEPRECATED_OBJC_IMPLEMENTATIONS = YES;
				CLANG_WARN_DIRECT_OBJC_ISA_USAGE = YES_ERROR;
				CLANG_WARN_DOCUMENTATION_COMMENTS = YES;
				CLANG_WARN_EMPTY_BODY = YES;
				CLANG_WARN_ENUM_CONVERSION = YES;
				CLANG_WARN_INFINITE_RECURSION = YES;
				CLANG_WARN_INT_CONVERSION = YES;
				CLANG_WARN_NON_LITERAL_NULL_CONVERSION = YES;
				CLANG_WARN_OBJC_IMPLICIT_RETAIN_SELF = YES;
				CLANG_WARN_OBJC_LITERAL_CONVERSION = YES;
				CLANG_WARN_OBJC_ROOT_CLASS = YES_ERROR;
				CLANG_WARN_RANGE_LOOP_ANALYSIS = YES;
				CLANG_WARN_STRICT_PROTOTYPES = YES;
				CLANG_WARN_SUSPICIOUS_MOVE = YES;
				CLANG_WARN_UNGUARDED_AVAILABILITY = YES_AGGRESSIVE;
				CLANG_WARN_UNREACHABLE_CODE = YES;
				CLANG_WARN__DUPLICATE_METHOD_MATCH = YES;
				COPY_PHASE_STRIP = NO;
				DEBUG_INFORMATION_FORMAT = "dwarf-with-dsym";
				ENABLE_NS_ASSERTIONS = NO;
				ENABLE_STRICT_OBJC_MSGSEND = YES;
				GCC_C_LANGUAGE_STANDARD = gnu11;
				GCC_NO_COMMON_BLOCKS = YES;
				GCC_WARN_64_TO_32_BIT_CONVERSION = YES;
				GCC_WARN_ABOUT_RETURN_TYPE = YES_ERROR;
				GCC_WARN_UNDECLARED_SELECTOR = YES;
				GCC_WARN_UNINITIALIZED_AUTOS = YES_AGGRESSIVE;
				GCC_WARN_UNUSED_FUNCTION = YES;
				GCC_WARN_UNUSED_VARIABLE = YES;
				IPHONEOS_DEPLOYMENT_TARGET = 13.2;
				MTL_ENABLE_DEBUG_INFO = NO;
				MTL_FAST_MATH = YES;
				SDKROOT = iphoneos;
				SWIFT_COMPILATION_MODE = wholemodule;
				SWIFT_OPTIMIZATION_LEVEL = "-O";
				VALIDATE_PRODUCT = YES;
			};
			name = Release;
		};
		D761744D241B92B300CC3F1C /* Debug */ = {
			isa = XCBuildConfiguration;
			buildSettings = {
				ASSETCATALOG_COMPILER_APPICON_NAME = AppIcon;
				CODE_SIGN_STYLE = Automatic;
				DEVELOPMENT_TEAM = 9V923T224A;
				INFOPLIST_FILE = "custom-transitions-ios/Info.plist";
				LD_RUNPATH_SEARCH_PATHS = (
					"$(inherited)",
					"@executable_path/Frameworks",
				);
				PRODUCT_BUNDLE_IDENTIFIER = "com.josiprezic.custom-transitions-ios";
				PRODUCT_NAME = "$(TARGET_NAME)";
				SWIFT_VERSION = 5.0;
				TARGETED_DEVICE_FAMILY = "1,2";
			};
			name = Debug;
		};
		D761744E241B92B300CC3F1C /* Release */ = {
			isa = XCBuildConfiguration;
			buildSettings = {
				ASSETCATALOG_COMPILER_APPICON_NAME = AppIcon;
				CODE_SIGN_STYLE = Automatic;
				DEVELOPMENT_TEAM = 9V923T224A;
				INFOPLIST_FILE = "custom-transitions-ios/Info.plist";
				LD_RUNPATH_SEARCH_PATHS = (
					"$(inherited)",
					"@executable_path/Frameworks",
				);
				PRODUCT_BUNDLE_IDENTIFIER = "com.josiprezic.custom-transitions-ios";
				PRODUCT_NAME = "$(TARGET_NAME)";
				SWIFT_VERSION = 5.0;
				TARGETED_DEVICE_FAMILY = "1,2";
			};
			name = Release;
		};
/* End XCBuildConfiguration section */

/* Begin XCConfigurationList section */
		D7617433241B92AC00CC3F1C /* Build configuration list for PBXProject "custom-transitions-ios" */ = {
			isa = XCConfigurationList;
			buildConfigurations = (
				D761744A241B92B300CC3F1C /* Debug */,
				D761744B241B92B300CC3F1C /* Release */,
			);
			defaultConfigurationIsVisible = 0;
			defaultConfigurationName = Release;
		};
		D761744C241B92B300CC3F1C /* Build configuration list for PBXNativeTarget "custom-transitions-ios" */ = {
			isa = XCConfigurationList;
			buildConfigurations = (
				D761744D241B92B300CC3F1C /* Debug */,
				D761744E241B92B300CC3F1C /* Release */,
			);
			defaultConfigurationIsVisible = 0;
			defaultConfigurationName = Release;
		};
/* End XCConfigurationList section */
	};
	rootObject = D7617430241B92AC00CC3F1C /* Project object */;
}
